
Microsoft Visual Studio Solution File, Format Version 12.00
# Visual Studio Version 17
VisualStudioVersion = 17.0.31903.59
MinimumVisualStudioVersion = 10.0.40219.1
Project("{FAE04EC0-301F-11D3-BF4B-00C04F79EFBC}") = "CustomerAPI.WebAPI", "CustomerAPI.WebAPI\CustomerAPI.WebAPI.csproj", "{B26B4296-E749-4337-A8A1-E611A56543ED}"
EndProject
Project("{FAE04EC0-301F-11D3-BF4B-00C04F79EFBC}") = "Mvp24Hours.Core", "..\..\..\src\Mvp24Hours.Core\Mvp24Hours.Core.csproj", "{F24BB888-0BF6-4831-B056-481A48A7AA56}"
EndProject
Project("{FAE04EC0-301F-11D3-BF4B-00C04F79EFBC}") = "Mvp24Hours.WebAPI", "..\..\..\src\Mvp24Hours.WebAPI\Mvp24Hours.WebAPI.csproj", "{00D89639-743A-45B8-ADBD-269E2411E06A}"
EndProject
Project("{FAE04EC0-301F-11D3-BF4B-00C04F79EFBC}") = "Mvp24Hours.Infrastructure", "..\..\..\src\Mvp24Hours.Infrastructure\Mvp24Hours.Infrastructure.csproj", "{38F85DEB-BAFD-43EB-A400-0F3846F8EE2C}"
EndProject
Project("{FAE04EC0-301F-11D3-BF4B-00C04F79EFBC}") = "Mvp24Hours.Infrastructure.Cqrs", "..\..\..\src\Mvp24Hours.Infrastructure.Cqrs\Mvp24Hours.Infrastructure.Cqrs.csproj", "{470E39C5-F2E6-4790-8ECD-48D47EF4CCD5}"
EndProject
Global
	GlobalSection(SolutionConfigurationPlatforms) = preSolution
		Debug|Any CPU = Debug|Any CPU
		Debug|x64 = Debug|x64
		Debug|x86 = Debug|x86
		Release|Any CPU = Release|Any CPU
		Release|x64 = Release|x64
		Release|x86 = Release|x86
	EndGlobalSection
	GlobalSection(ProjectConfigurationPlatforms) = postSolution
		{B26B4296-E749-4337-A8A1-E611A56543ED}.Debug|Any CPU.ActiveCfg = Debug|Any CPU
		{B26B4296-E749-4337-A8A1-E611A56543ED}.Debug|Any CPU.Build.0 = Debug|Any CPU
		{B26B4296-E749-4337-A8A1-E611A56543ED}.Debug|x64.ActiveCfg = Debug|Any CPU
		{B26B4296-E749-4337-A8A1-E611A56543ED}.Debug|x64.Build.0 = Debug|Any CPU
		{B26B4296-E749-4337-A8A1-E611A56543ED}.Debug|x86.ActiveCfg = Debug|Any CPU
		{B26B4296-E749-4337-A8A1-E611A56543ED}.Debug|x86.Build.0 = Debug|Any CPU
		{B26B4296-E749-4337-A8A1-E611A56543ED}.Release|Any CPU.ActiveCfg = Release|Any CPU
		{B26B4296-E749-4337-A8A1-E611A56543ED}.Release|Any CPU.Build.0 = Release|Any CPU
		{B26B4296-E749-4337-A8A1-E611A56543ED}.Release|x64.ActiveCfg = Release|Any CPU
		{B26B4296-E749-4337-A8A1-E611A56543ED}.Release|x64.Build.0 = Release|Any CPU
		{B26B4296-E749-4337-A8A1-E611A56543ED}.Release|x86.ActiveCfg = Release|Any CPU
		{B26B4296-E749-4337-A8A1-E611A56543ED}.Release|x86.Build.0 = Release|Any CPU
		{F24BB888-0BF6-4831-B056-481A48A7AA56}.Debug|Any CPU.ActiveCfg = Debug|Any CPU
		{F24BB888-0BF6-4831-B056-481A48A7AA56}.Debug|Any CPU.Build.0 = Debug|Any CPU
		{F24BB888-0BF6-4831-B056-481A48A7AA56}.Debug|x64.ActiveCfg = Debug|Any CPU
		{F24BB888-0BF6-4831-B056-481A48A7AA56}.Debug|x64.Build.0 = Debug|Any CPU
		{F24BB888-0BF6-4831-B056-481A48A7AA56}.Debug|x86.ActiveCfg = Debug|Any CPU
		{F24BB888-0BF6-4831-B056-481A48A7AA56}.Debug|x86.Build.0 = Debug|Any CPU
		{F24BB888-0BF6-4831-B056-481A48A7AA56}.Release|Any CPU.ActiveCfg = Release|Any CPU
		{F24BB888-0BF6-4831-B056-481A48A7AA56}.Release|Any CPU.Build.0 = Release|Any CPU
		{F24BB888-0BF6-4831-B056-481A48A7AA56}.Release|x64.ActiveCfg = Release|Any CPU
		{F24BB888-0BF6-4831-B056-481A48A7AA56}.Release|x64.Build.0 = Release|Any CPU
		{F24BB888-0BF6-4831-B056-481A48A7AA56}.Release|x86.ActiveCfg = Release|Any CPU
		{F24BB888-0BF6-4831-B056-481A48A7AA56}.Release|x86.Build.0 = Release|Any CPU
		{00D89639-743A-45B8-ADBD-269E2411E06A}.Debug|Any CPU.ActiveCfg = Debug|Any CPU
		{00D89639-743A-45B8-ADBD-269E2411E06A}.Debug|Any CPU.Build.0 = Debug|Any CPU
		{00D89639-743A-45B8-ADBD-269E2411E06A}.Debug|x64.ActiveCfg = Debug|Any CPU
		{00D89639-743A-45B8-ADBD-269E2411E06A}.Debug|x64.Build.0 = Debug|Any CPU
		{00D89639-743A-45B8-ADBD-269E2411E06A}.Debug|x86.ActiveCfg = Debug|Any CPU
		{00D89639-743A-45B8-ADBD-269E2411E06A}.Debug|x86.Build.0 = Debug|Any CPU
		{00D89639-743A-45B8-ADBD-269E2411E06A}.Release|Any CPU.ActiveCfg = Release|Any CPU
		{00D89639-743A-45B8-ADBD-269E2411E06A}.Release|Any CPU.Build.0 = Release|Any CPU
		{00D89639-743A-45B8-ADBD-269E2411E06A}.Release|x64.ActiveCfg = Release|Any CPU
		{00D89639-743A-45B8-ADBD-269E2411E06A}.Release|x64.Build.0 = Release|Any CPU
		{00D89639-743A-45B8-ADBD-269E2411E06A}.Release|x86.ActiveCfg = Release|Any CPU
		{00D89639-743A-45B8-ADBD-269E2411E06A}.Release|x86.Build.0 = Release|Any CPU
		{38F85DEB-BAFD-43EB-A400-0F3846F8EE2C}.Debug|Any CPU.ActiveCfg = Debug|Any CPU
		{38F85DEB-BAFD-43EB-A400-0F3846F8EE2C}.Debug|Any CPU.Build.0 = Debug|Any CPU
		{38F85DEB-BAFD-43EB-A400-0F3846F8EE2C}.Debug|x64.ActiveCfg = Debug|Any CPU
		{38F85DEB-BAFD-43EB-A400-0F3846F8EE2C}.Debug|x64.Build.0 = Debug|Any CPU
		{38F85DEB-BAFD-43EB-A400-0F3846F8EE2C}.Debug|x86.ActiveCfg = Debug|Any CPU
		{38F85DEB-BAFD-43EB-A400-0F3846F8EE2C}.Debug|x86.Build.0 = Debug|Any CPU
		{38F85DEB-BAFD-43EB-A400-0F3846F8EE2C}.Release|Any CPU.ActiveCfg = Release|Any CPU
		{38F85DEB-BAFD-43EB-A400-0F3846F8EE2C}.Release|Any CPU.Build.0 = Release|Any CPU
		{38F85DEB-BAFD-43EB-A400-0F3846F8EE2C}.Release|x64.ActiveCfg = Release|Any CPU
		{38F85DEB-BAFD-43EB-A400-0F3846F8EE2C}.Release|x64.Build.0 = Release|Any CPU
		{38F85DEB-BAFD-43EB-A400-0F3846F8EE2C}.Release|x86.ActiveCfg = Release|Any CPU
		{38F85DEB-BAFD-43EB-A400-0F3846F8EE2C}.Release|x86.Build.0 = Release|Any CPU
		{470E39C5-F2E6-4790-8ECD-48D47EF4CCD5}.Debug|Any CPU.ActiveCfg = Debug|Any CPU
		{470E39C5-F2E6-4790-8ECD-48D47EF4CCD5}.Debug|Any CPU.Build.0 = Debug|Any CPU
		{470E39C5-F2E6-4790-8ECD-48D47EF4CCD5}.Debug|x64.ActiveCfg = Debug|Any CPU
		{470E39C5-F2E6-4790-8ECD-48D47EF4CCD5}.Debug|x64.Build.0 = Debug|Any CPU
		{470E39C5-F2E6-4790-8ECD-48D47EF4CCD5}.Debug|x86.ActiveCfg = Debug|Any CPU
		{470E39C5-F2E6-4790-8ECD-48D47EF4CCD5}.Debug|x86.Build.0 = Debug|Any CPU
		{470E39C5-F2E6-4790-8ECD-48D47EF4CCD5}.Release|Any CPU.ActiveCfg = Release|Any CPU
		{470E39C5-F2E6-4790-8ECD-48D47EF4CCD5}.Release|Any CPU.Build.0 = Release|Any CPU
		{470E39C5-F2E6-4790-8ECD-48D47EF4CCD5}.Release|x64.ActiveCfg = Release|Any CPU
		{470E39C5-F2E6-4790-8ECD-48D47EF4CCD5}.Release|x64.Build.0 = Release|Any CPU
		{470E39C5-F2E6-4790-8ECD-48D47EF4CCD5}.Release|x86.ActiveCfg = Release|Any CPU
		{470E39C5-F2E6-4790-8ECD-48D47EF4CCD5}.Release|x86.Build.0 = Release|Any CPU
	EndGlobalSection
	GlobalSection(SolutionProperties) = preSolution
		HideSolutionNode = FALSE
	EndGlobalSection
EndGlobal
