
Microsoft Visual Studio Solution File, Format Version 12.00
# Visual Studio Version 17
VisualStudioVersion = 17.0.31903.59
MinimumVisualStudioVersion = 10.0.40219.1
Project("{FAE04EC0-301F-11D3-BF4B-00C04F79EFBC}") = "CronJobWorker", "CronJobWorker\CronJobWorker.csproj", "{EB9745E7-5D0B-43A0-BB32-29F7F23051CC}"
EndProject
Project("{FAE04EC0-301F-11D3-BF4B-00C04F79EFBC}") = "Mvp24Hours.Infrastructure.CronJob", "..\..\..\src\Mvp24Hours.Infrastructure.CronJob\Mvp24Hours.Infrastructure.CronJob.csproj", "{6FF4C7E3-B121-402D-9302-D8F3ECDF30BF}"
EndProject
Project("{FAE04EC0-301F-11D3-BF4B-00C04F79EFBC}") = "Mvp24Hours.Core", "..\..\..\src\Mvp24Hours.Core\Mvp24Hours.Core.csproj", "{50383CD6-F187-464A-B1B6-CE443F27ED83}"
EndProject
Project("{FAE04EC0-301F-11D3-BF4B-00C04F79EFBC}") = "Mvp24Hours.Infrastructure", "..\..\..\src\Mvp24Hours.Infrastructure\Mvp24Hours.Infrastructure.csproj", "{34416B5B-31E5-4AFB-B142-F707430A6DFF}"
EndProject
Global
	GlobalSection(SolutionConfigurationPlatforms) = preSolution
		Debug|Any CPU = Debug|Any CPU
		Debug|x64 = Debug|x64
		Debug|x86 = Debug|x86
		Release|Any CPU = Release|Any CPU
		Release|x64 = Release|x64
		Release|x86 = Release|x86
	EndGlobalSection
	GlobalSection(ProjectConfigurationPlatforms) = postSolution
		{EB9745E7-5D0B-43A0-BB32-29F7F23051CC}.Debug|Any CPU.ActiveCfg = Debug|Any CPU
		{EB9745E7-5D0B-43A0-BB32-29F7F23051CC}.Debug|Any CPU.Build.0 = Debug|Any CPU
		{EB9745E7-5D0B-43A0-BB32-29F7F23051CC}.Debug|x64.ActiveCfg = Debug|Any CPU
		{EB9745E7-5D0B-43A0-BB32-29F7F23051CC}.Debug|x64.Build.0 = Debug|Any CPU
		{EB9745E7-5D0B-43A0-BB32-29F7F23051CC}.Debug|x86.ActiveCfg = Debug|Any CPU
		{EB9745E7-5D0B-43A0-BB32-29F7F23051CC}.Debug|x86.Build.0 = Debug|Any CPU
		{EB9745E7-5D0B-43A0-BB32-29F7F23051CC}.Release|Any CPU.ActiveCfg = Release|Any CPU
		{EB9745E7-5D0B-43A0-BB32-29F7F23051CC}.Release|Any CPU.Build.0 = Release|Any CPU
		{EB9745E7-5D0B-43A0-BB32-29F7F23051CC}.Release|x64.ActiveCfg = Release|Any CPU
		{EB9745E7-5D0B-43A0-BB32-29F7F23051CC}.Release|x64.Build.0 = Release|Any CPU
		{EB9745E7-5D0B-43A0-BB32-29F7F23051CC}.Release|x86.ActiveCfg = Release|Any CPU
		{EB9745E7-5D0B-43A0-BB32-29F7F23051CC}.Release|x86.Build.0 = Release|Any CPU
		{6FF4C7E3-B121-402D-9302-D8F3ECDF30BF}.Debug|Any CPU.ActiveCfg = Debug|Any CPU
		{6FF4C7E3-B121-402D-9302-D8F3ECDF30BF}.Debug|Any CPU.Build.0 = Debug|Any CPU
		{6FF4C7E3-B121-402D-9302-D8F3ECDF30BF}.Debug|x64.ActiveCfg = Debug|Any CPU
		{6FF4C7E3-B121-402D-9302-D8F3ECDF30BF}.Debug|x64.Build.0 = Debug|Any CPU
		{6FF4C7E3-B121-402D-9302-D8F3ECDF30BF}.Debug|x86.ActiveCfg = Debug|Any CPU
		{6FF4C7E3-B121-402D-9302-D8F3ECDF30BF}.Debug|x86.Build.0 = Debug|Any CPU
		{6FF4C7E3-B121-402D-9302-D8F3ECDF30BF}.Release|Any CPU.ActiveCfg = Release|Any CPU
		{6FF4C7E3-B121-402D-9302-D8F3ECDF30BF}.Release|Any CPU.Build.0 = Release|Any CPU
		{6FF4C7E3-B121-402D-9302-D8F3ECDF30BF}.Release|x64.ActiveCfg = Release|Any CPU
		{6FF4C7E3-B121-402D-9302-D8F3ECDF30BF}.Release|x64.Build.0 = Release|Any CPU
		{6FF4C7E3-B121-402D-9302-D8F3ECDF30BF}.Release|x86.ActiveCfg = Release|Any CPU
		{6FF4C7E3-B121-402D-9302-D8F3ECDF30BF}.Release|x86.Build.0 = Release|Any CPU
		{50383CD6-F187-464A-B1B6-CE443F27ED83}.Debug|Any CPU.ActiveCfg = Debug|Any CPU
		{50383CD6-F187-464A-B1B6-CE443F27ED83}.Debug|Any CPU.Build.0 = Debug|Any CPU
		{50383CD6-F187-464A-B1B6-CE443F27ED83}.Debug|x64.ActiveCfg = Debug|Any CPU
		{50383CD6-F187-464A-B1B6-CE443F27ED83}.Debug|x64.Build.0 = Debug|Any CPU
		{50383CD6-F187-464A-B1B6-CE443F27ED83}.Debug|x86.ActiveCfg = Debug|Any CPU
		{50383CD6-F187-464A-B1B6-CE443F27ED83}.Debug|x86.Build.0 = Debug|Any CPU
		{50383CD6-F187-464A-B1B6-CE443F27ED83}.Release|Any CPU.ActiveCfg = Release|Any CPU
		{50383CD6-F187-464A-B1B6-CE443F27ED83}.Release|Any CPU.Build.0 = Release|Any CPU
		{50383CD6-F187-464A-B1B6-CE443F27ED83}.Release|x64.ActiveCfg = Release|Any CPU
		{50383CD6-F187-464A-B1B6-CE443F27ED83}.Release|x64.Build.0 = Release|Any CPU
		{50383CD6-F187-464A-B1B6-CE443F27ED83}.Release|x86.ActiveCfg = Release|Any CPU
		{50383CD6-F187-464A-B1B6-CE443F27ED83}.Release|x86.Build.0 = Release|Any CPU
		{34416B5B-31E5-4AFB-B142-F707430A6DFF}.Debug|Any CPU.ActiveCfg = Debug|Any CPU
		{34416B5B-31E5-4AFB-B142-F707430A6DFF}.Debug|Any CPU.Build.0 = Debug|Any CPU
		{34416B5B-31E5-4AFB-B142-F707430A6DFF}.Debug|x64.ActiveCfg = Debug|Any CPU
		{34416B5B-31E5-4AFB-B142-F707430A6DFF}.Debug|x64.Build.0 = Debug|Any CPU
		{34416B5B-31E5-4AFB-B142-F707430A6DFF}.Debug|x86.ActiveCfg = Debug|Any CPU
		{34416B5B-31E5-4AFB-B142-F707430A6DFF}.Debug|x86.Build.0 = Debug|Any CPU
		{34416B5B-31E5-4AFB-B142-F707430A6DFF}.Release|Any CPU.ActiveCfg = Release|Any CPU
		{34416B5B-31E5-4AFB-B142-F707430A6DFF}.Release|Any CPU.Build.0 = Release|Any CPU
		{34416B5B-31E5-4AFB-B142-F707430A6DFF}.Release|x64.ActiveCfg = Release|Any CPU
		{34416B5B-31E5-4AFB-B142-F707430A6DFF}.Release|x64.Build.0 = Release|Any CPU
		{34416B5B-31E5-4AFB-B142-F707430A6DFF}.Release|x86.ActiveCfg = Release|Any CPU
		{34416B5B-31E5-4AFB-B142-F707430A6DFF}.Release|x86.Build.0 = Release|Any CPU
	EndGlobalSection
	GlobalSection(SolutionProperties) = preSolution
		HideSolutionNode = FALSE
	EndGlobalSection
EndGlobal
