
Microsoft Visual Studio Solution File, Format Version 12.00
# Visual Studio Version 17
VisualStudioVersion = 17.0.31903.59
MinimumVisualStudioVersion = 10.0.40219.1
Project("{FAE04EC0-301F-11D3-BF4B-00C04F79EFBC}") = "ProductAPI.WebAPI", "ProductAPI.WebAPI\ProductAPI.WebAPI.csproj", "{B0F0BEA6-FD07-4A30-95AE-5234F23DFAFE}"
EndProject
Project("{FAE04EC0-301F-11D3-BF4B-00C04F79EFBC}") = "Mvp24Hours.WebAPI", "..\..\..\src\Mvp24Hours.WebAPI\Mvp24Hours.WebAPI.csproj", "{6BD71484-9E29-43BE-B6F9-BD63B276F5D6}"
EndProject
Project("{FAE04EC0-301F-11D3-BF4B-00C04F79EFBC}") = "Mvp24Hours.Core", "..\..\..\src\Mvp24Hours.Core\Mvp24Hours.Core.csproj", "{99D684CC-105A-4021-AE6A-467F7C796061}"
EndProject
Project("{FAE04EC0-301F-11D3-BF4B-00C04F79EFBC}") = "Mvp24Hours.Infrastructure", "..\..\..\src\Mvp24Hours.Infrastructure\Mvp24Hours.Infrastructure.csproj", "{A2E7BAD9-403F-4D81-89D5-4C4C8D8810AD}"
EndProject
Project("{FAE04EC0-301F-11D3-BF4B-00C04F79EFBC}") = "Mvp24Hours.Infrastructure.Cqrs", "..\..\..\src\Mvp24Hours.Infrastructure.Cqrs\Mvp24Hours.Infrastructure.Cqrs.csproj", "{F8A42295-8436-468A-A8E2-293CB78F879D}"
EndProject
Project("{FAE04EC0-301F-11D3-BF4B-00C04F79EFBC}") = "Mvp24Hours.Infrastructure.Caching", "..\..\..\src\Mvp24Hours.Infrastructure.Caching\Mvp24Hours.Infrastructure.Caching.csproj", "{68DF9705-829D-449C-91E9-B09CA15C069B}"
EndProject
Global
	GlobalSection(SolutionConfigurationPlatforms) = preSolution
		Debug|Any CPU = Debug|Any CPU
		Debug|x64 = Debug|x64
		Debug|x86 = Debug|x86
		Release|Any CPU = Release|Any CPU
		Release|x64 = Release|x64
		Release|x86 = Release|x86
	EndGlobalSection
	GlobalSection(ProjectConfigurationPlatforms) = postSolution
		{B0F0BEA6-FD07-4A30-95AE-5234F23DFAFE}.Debug|Any CPU.ActiveCfg = Debug|Any CPU
		{B0F0BEA6-FD07-4A30-95AE-5234F23DFAFE}.Debug|Any CPU.Build.0 = Debug|Any CPU
		{B0F0BEA6-FD07-4A30-95AE-5234F23DFAFE}.Debug|x64.ActiveCfg = Debug|Any CPU
		{B0F0BEA6-FD07-4A30-95AE-5234F23DFAFE}.Debug|x64.Build.0 = Debug|Any CPU
		{B0F0BEA6-FD07-4A30-95AE-5234F23DFAFE}.Debug|x86.ActiveCfg = Debug|Any CPU
		{B0F0BEA6-FD07-4A30-95AE-5234F23DFAFE}.Debug|x86.Build.0 = Debug|Any CPU
		{B0F0BEA6-FD07-4A30-95AE-5234F23DFAFE}.Release|Any CPU.ActiveCfg = Release|Any CPU
		{B0F0BEA6-FD07-4A30-95AE-5234F23DFAFE}.Release|Any CPU.Build.0 = Release|Any CPU
		{B0F0BEA6-FD07-4A30-95AE-5234F23DFAFE}.Release|x64.ActiveCfg = Release|Any CPU
		{B0F0BEA6-FD07-4A30-95AE-5234F23DFAFE}.Release|x64.Build.0 = Release|Any CPU
		{B0F0BEA6-FD07-4A30-95AE-5234F23DFAFE}.Release|x86.ActiveCfg = Release|Any CPU
		{B0F0BEA6-FD07-4A30-95AE-5234F23DFAFE}.Release|x86.Build.0 = Release|Any CPU
		{6BD71484-9E29-43BE-B6F9-BD63B276F5D6}.Debug|Any CPU.ActiveCfg = Debug|Any CPU
		{6BD71484-9E29-43BE-B6F9-BD63B276F5D6}.Debug|Any CPU.Build.0 = Debug|Any CPU
		{6BD71484-9E29-43BE-B6F9-BD63B276F5D6}.Debug|x64.ActiveCfg = Debug|Any CPU
		{6BD71484-9E29-43BE-B6F9-BD63B276F5D6}.Debug|x64.Build.0 = Debug|Any CPU
		{6BD71484-9E29-43BE-B6F9-BD63B276F5D6}.Debug|x86.ActiveCfg = Debug|Any CPU
		{6BD71484-9E29-43BE-B6F9-BD63B276F5D6}.Debug|x86.Build.0 = Debug|Any CPU
		{6BD71484-9E29-43BE-B6F9-BD63B276F5D6}.Release|Any CPU.ActiveCfg = Release|Any CPU
		{6BD71484-9E29-43BE-B6F9-BD63B276F5D6}.Release|Any CPU.Build.0 = Release|Any CPU
		{6BD71484-9E29-43BE-B6F9-BD63B276F5D6}.Release|x64.ActiveCfg = Release|Any CPU
		{6BD71484-9E29-43BE-B6F9-BD63B276F5D6}.Release|x64.Build.0 = Release|Any CPU
		{6BD71484-9E29-43BE-B6F9-BD63B276F5D6}.Release|x86.ActiveCfg = Release|Any CPU
		{6BD71484-9E29-43BE-B6F9-BD63B276F5D6}.Release|x86.Build.0 = Release|Any CPU
		{99D684CC-105A-4021-AE6A-467F7C796061}.Debug|Any CPU.ActiveCfg = Debug|Any CPU
		{99D684CC-105A-4021-AE6A-467F7C796061}.Debug|Any CPU.Build.0 = Debug|Any CPU
		{99D684CC-105A-4021-AE6A-467F7C796061}.Debug|x64.ActiveCfg = Debug|Any CPU
		{99D684CC-105A-4021-AE6A-467F7C796061}.Debug|x64.Build.0 = Debug|Any CPU
		{99D684CC-105A-4021-AE6A-467F7C796061}.Debug|x86.ActiveCfg = Debug|Any CPU
		{99D684CC-105A-4021-AE6A-467F7C796061}.Debug|x86.Build.0 = Debug|Any CPU
		{99D684CC-105A-4021-AE6A-467F7C796061}.Release|Any CPU.ActiveCfg = Release|Any CPU
		{99D684CC-105A-4021-AE6A-467F7C796061}.Release|Any CPU.Build.0 = Release|Any CPU
		{99D684CC-105A-4021-AE6A-467F7C796061}.Release|x64.ActiveCfg = Release|Any CPU
		{99D684CC-105A-4021-AE6A-467F7C796061}.Release|x64.Build.0 = Release|Any CPU
		{99D684CC-105A-4021-AE6A-467F7C796061}.Release|x86.ActiveCfg = Release|Any CPU
		{99D684CC-105A-4021-AE6A-467F7C796061}.Release|x86.Build.0 = Release|Any CPU
		{A2E7BAD9-403F-4D81-89D5-4C4C8D8810AD}.Debug|Any CPU.ActiveCfg = Debug|Any CPU
		{A2E7BAD9-403F-4D81-89D5-4C4C8D8810AD}.Debug|Any CPU.Build.0 = Debug|Any CPU
		{A2E7BAD9-403F-4D81-89D5-4C4C8D8810AD}.Debug|x64.ActiveCfg = Debug|Any CPU
		{A2E7BAD9-403F-4D81-89D5-4C4C8D8810AD}.Debug|x64.Build.0 = Debug|Any CPU
		{A2E7BAD9-403F-4D81-89D5-4C4C8D8810AD}.Debug|x86.ActiveCfg = Debug|Any CPU
		{A2E7BAD9-403F-4D81-89D5-4C4C8D8810AD}.Debug|x86.Build.0 = Debug|Any CPU
		{A2E7BAD9-403F-4D81-89D5-4C4C8D8810AD}.Release|Any CPU.ActiveCfg = Release|Any CPU
		{A2E7BAD9-403F-4D81-89D5-4C4C8D8810AD}.Release|Any CPU.Build.0 = Release|Any CPU
		{A2E7BAD9-403F-4D81-89D5-4C4C8D8810AD}.Release|x64.ActiveCfg = Release|Any CPU
		{A2E7BAD9-403F-4D81-89D5-4C4C8D8810AD}.Release|x64.Build.0 = Release|Any CPU
		{A2E7BAD9-403F-4D81-89D5-4C4C8D8810AD}.Release|x86.ActiveCfg = Release|Any CPU
		{A2E7BAD9-403F-4D81-89D5-4C4C8D8810AD}.Release|x86.Build.0 = Release|Any CPU
		{F8A42295-8436-468A-A8E2-293CB78F879D}.Debug|Any CPU.ActiveCfg = Debug|Any CPU
		{F8A42295-8436-468A-A8E2-293CB78F879D}.Debug|Any CPU.Build.0 = Debug|Any CPU
		{F8A42295-8436-468A-A8E2-293CB78F879D}.Debug|x64.ActiveCfg = Debug|Any CPU
		{F8A42295-8436-468A-A8E2-293CB78F879D}.Debug|x64.Build.0 = Debug|Any CPU
		{F8A42295-8436-468A-A8E2-293CB78F879D}.Debug|x86.ActiveCfg = Debug|Any CPU
		{F8A42295-8436-468A-A8E2-293CB78F879D}.Debug|x86.Build.0 = Debug|Any CPU
		{F8A42295-8436-468A-A8E2-293CB78F879D}.Release|Any CPU.ActiveCfg = Release|Any CPU
		{F8A42295-8436-468A-A8E2-293CB78F879D}.Release|Any CPU.Build.0 = Release|Any CPU
		{F8A42295-8436-468A-A8E2-293CB78F879D}.Release|x64.ActiveCfg = Release|Any CPU
		{F8A42295-8436-468A-A8E2-293CB78F879D}.Release|x64.Build.0 = Release|Any CPU
		{F8A42295-8436-468A-A8E2-293CB78F879D}.Release|x86.ActiveCfg = Release|Any CPU
		{F8A42295-8436-468A-A8E2-293CB78F879D}.Release|x86.Build.0 = Release|Any CPU
		{68DF9705-829D-449C-91E9-B09CA15C069B}.Debug|Any CPU.ActiveCfg = Debug|Any CPU
		{68DF9705-829D-449C-91E9-B09CA15C069B}.Debug|Any CPU.Build.0 = Debug|Any CPU
		{68DF9705-829D-449C-91E9-B09CA15C069B}.Debug|x64.ActiveCfg = Debug|Any CPU
		{68DF9705-829D-449C-91E9-B09CA15C069B}.Debug|x64.Build.0 = Debug|Any CPU
		{68DF9705-829D-449C-91E9-B09CA15C069B}.Debug|x86.ActiveCfg = Debug|Any CPU
		{68DF9705-829D-449C-91E9-B09CA15C069B}.Debug|x86.Build.0 = Debug|Any CPU
		{68DF9705-829D-449C-91E9-B09CA15C069B}.Release|Any CPU.ActiveCfg = Release|Any CPU
		{68DF9705-829D-449C-91E9-B09CA15C069B}.Release|Any CPU.Build.0 = Release|Any CPU
		{68DF9705-829D-449C-91E9-B09CA15C069B}.Release|x64.ActiveCfg = Release|Any CPU
		{68DF9705-829D-449C-91E9-B09CA15C069B}.Release|x64.Build.0 = Release|Any CPU
		{68DF9705-829D-449C-91E9-B09CA15C069B}.Release|x86.ActiveCfg = Release|Any CPU
		{68DF9705-829D-449C-91E9-B09CA15C069B}.Release|x86.Build.0 = Release|Any CPU
	EndGlobalSection
	GlobalSection(SolutionProperties) = preSolution
		HideSolutionNode = FALSE
	EndGlobalSection
EndGlobal
