
Microsoft Visual Studio Solution File, Format Version 12.00
# Visual Studio Version 17
VisualStudioVersion = 17.0.31903.59
MinimumVisualStudioVersion = 10.0.40219.1
Project("{FAE04EC0-301F-11D3-BF4B-00C04F79EFBC}") = "WebStatus", "WebStatus\WebStatus.csproj", "{D00CE0E9-DBB0-45CA-9A2D-3EAEACC31504}"
EndProject
Project("{FAE04EC0-301F-11D3-BF4B-00C04F79EFBC}") = "Mvp24Hours.Infrastructure.Data.EFCore", "..\..\..\src\Mvp24Hours.Infrastructure.Data.EFCore\Mvp24Hours.Infrastructure.Data.EFCore.csproj", "{80AA77FC-DF9F-4A88-A0AD-C66FE1F0EBF7}"
EndProject
Project("{FAE04EC0-301F-11D3-BF4B-00C04F79EFBC}") = "Mvp24Hours.Core", "..\..\..\src\Mvp24Hours.Core\Mvp24Hours.Core.csproj", "{994EA81C-E160-438D-884A-469A2E0B2730}"
EndProject
Project("{FAE04EC0-301F-11D3-BF4B-00C04F79EFBC}") = "Mvp24Hours.Infrastructure", "..\..\..\src\Mvp24Hours.Infrastructure\Mvp24Hours.Infrastructure.csproj", "{4DC20B3A-6561-4EFE-B89C-19281C83BB60}"
EndProject
Project("{FAE04EC0-301F-11D3-BF4B-00C04F79EFBC}") = "Mvp24Hours.Infrastructure.Data.MongoDb", "..\..\..\src\Mvp24Hours.Infrastructure.Data.MongoDb\Mvp24Hours.Infrastructure.Data.MongoDb.csproj", "{EA4A304A-D8AD-468B-B73F-C1BB71DAEA41}"
EndProject
Project("{FAE04EC0-301F-11D3-BF4B-00C04F79EFBC}") = "Mvp24Hours.Infrastructure.Cqrs", "..\..\..\src\Mvp24Hours.Infrastructure.Cqrs\Mvp24Hours.Infrastructure.Cqrs.csproj", "{9DDAE634-1696-4F91-9EE6-E614D418FC94}"
EndProject
Project("{FAE04EC0-301F-11D3-BF4B-00C04F79EFBC}") = "Mvp24Hours.Infrastructure.RabbitMQ", "..\..\..\src\Mvp24Hours.Infrastructure.RabbitMQ\Mvp24Hours.Infrastructure.RabbitMQ.csproj", "{B226B5BF-AC5B-411D-8F1D-9D2B39DA8038}"
EndProject
Project("{FAE04EC0-301F-11D3-BF4B-00C04F79EFBC}") = "Mvp24Hours.WebAPI", "..\..\..\src\Mvp24Hours.WebAPI\Mvp24Hours.WebAPI.csproj", "{413F8C9A-AD91-4FB9-918B-D85570FD8F52}"
EndProject
Global
	GlobalSection(SolutionConfigurationPlatforms) = preSolution
		Debug|Any CPU = Debug|Any CPU
		Debug|x64 = Debug|x64
		Debug|x86 = Debug|x86
		Release|Any CPU = Release|Any CPU
		Release|x64 = Release|x64
		Release|x86 = Release|x86
	EndGlobalSection
	GlobalSection(ProjectConfigurationPlatforms) = postSolution
		{D00CE0E9-DBB0-45CA-9A2D-3EAEACC31504}.Debug|Any CPU.ActiveCfg = Debug|Any CPU
		{D00CE0E9-DBB0-45CA-9A2D-3EAEACC31504}.Debug|Any CPU.Build.0 = Debug|Any CPU
		{D00CE0E9-DBB0-45CA-9A2D-3EAEACC31504}.Debug|x64.ActiveCfg = Debug|Any CPU
		{D00CE0E9-DBB0-45CA-9A2D-3EAEACC31504}.Debug|x64.Build.0 = Debug|Any CPU
		{D00CE0E9-DBB0-45CA-9A2D-3EAEACC31504}.Debug|x86.ActiveCfg = Debug|Any CPU
		{D00CE0E9-DBB0-45CA-9A2D-3EAEACC31504}.Debug|x86.Build.0 = Debug|Any CPU
		{D00CE0E9-DBB0-45CA-9A2D-3EAEACC31504}.Release|Any CPU.ActiveCfg = Release|Any CPU
		{D00CE0E9-DBB0-45CA-9A2D-3EAEACC31504}.Release|Any CPU.Build.0 = Release|Any CPU
		{D00CE0E9-DBB0-45CA-9A2D-3EAEACC31504}.Release|x64.ActiveCfg = Release|Any CPU
		{D00CE0E9-DBB0-45CA-9A2D-3EAEACC31504}.Release|x64.Build.0 = Release|Any CPU
		{D00CE0E9-DBB0-45CA-9A2D-3EAEACC31504}.Release|x86.ActiveCfg = Release|Any CPU
		{D00CE0E9-DBB0-45CA-9A2D-3EAEACC31504}.Release|x86.Build.0 = Release|Any CPU
		{80AA77FC-DF9F-4A88-A0AD-C66FE1F0EBF7}.Debug|Any CPU.ActiveCfg = Debug|Any CPU
		{80AA77FC-DF9F-4A88-A0AD-C66FE1F0EBF7}.Debug|Any CPU.Build.0 = Debug|Any CPU
		{80AA77FC-DF9F-4A88-A0AD-C66FE1F0EBF7}.Debug|x64.ActiveCfg = Debug|Any CPU
		{80AA77FC-DF9F-4A88-A0AD-C66FE1F0EBF7}.Debug|x64.Build.0 = Debug|Any CPU
		{80AA77FC-DF9F-4A88-A0AD-C66FE1F0EBF7}.Debug|x86.ActiveCfg = Debug|Any CPU
		{80AA77FC-DF9F-4A88-A0AD-C66FE1F0EBF7}.Debug|x86.Build.0 = Debug|Any CPU
		{80AA77FC-DF9F-4A88-A0AD-C66FE1F0EBF7}.Release|Any CPU.ActiveCfg = Release|Any CPU
		{80AA77FC-DF9F-4A88-A0AD-C66FE1F0EBF7}.Release|Any CPU.Build.0 = Release|Any CPU
		{80AA77FC-DF9F-4A88-A0AD-C66FE1F0EBF7}.Release|x64.ActiveCfg = Release|Any CPU
		{80AA77FC-DF9F-4A88-A0AD-C66FE1F0EBF7}.Release|x64.Build.0 = Release|Any CPU
		{80AA77FC-DF9F-4A88-A0AD-C66FE1F0EBF7}.Release|x86.ActiveCfg = Release|Any CPU
		{80AA77FC-DF9F-4A88-A0AD-C66FE1F0EBF7}.Release|x86.Build.0 = Release|Any CPU
		{994EA81C-E160-438D-884A-469A2E0B2730}.Debug|Any CPU.ActiveCfg = Debug|Any CPU
		{994EA81C-E160-438D-884A-469A2E0B2730}.Debug|Any CPU.Build.0 = Debug|Any CPU
		{994EA81C-E160-438D-884A-469A2E0B2730}.Debug|x64.ActiveCfg = Debug|Any CPU
		{994EA81C-E160-438D-884A-469A2E0B2730}.Debug|x64.Build.0 = Debug|Any CPU
		{994EA81C-E160-438D-884A-469A2E0B2730}.Debug|x86.ActiveCfg = Debug|Any CPU
		{994EA81C-E160-438D-884A-469A2E0B2730}.Debug|x86.Build.0 = Debug|Any CPU
		{994EA81C-E160-438D-884A-469A2E0B2730}.Release|Any CPU.ActiveCfg = Release|Any CPU
		{994EA81C-E160-438D-884A-469A2E0B2730}.Release|Any CPU.Build.0 = Release|Any CPU
		{994EA81C-E160-438D-884A-469A2E0B2730}.Release|x64.ActiveCfg = Release|Any CPU
		{994EA81C-E160-438D-884A-469A2E0B2730}.Release|x64.Build.0 = Release|Any CPU
		{994EA81C-E160-438D-884A-469A2E0B2730}.Release|x86.ActiveCfg = Release|Any CPU
		{994EA81C-E160-438D-884A-469A2E0B2730}.Release|x86.Build.0 = Release|Any CPU
		{4DC20B3A-6561-4EFE-B89C-19281C83BB60}.Debug|Any CPU.ActiveCfg = Debug|Any CPU
		{4DC20B3A-6561-4EFE-B89C-19281C83BB60}.Debug|Any CPU.Build.0 = Debug|Any CPU
		{4DC20B3A-6561-4EFE-B89C-19281C83BB60}.Debug|x64.ActiveCfg = Debug|Any CPU
		{4DC20B3A-6561-4EFE-B89C-19281C83BB60}.Debug|x64.Build.0 = Debug|Any CPU
		{4DC20B3A-6561-4EFE-B89C-19281C83BB60}.Debug|x86.ActiveCfg = Debug|Any CPU
		{4DC20B3A-6561-4EFE-B89C-19281C83BB60}.Debug|x86.Build.0 = Debug|Any CPU
		{4DC20B3A-6561-4EFE-B89C-19281C83BB60}.Release|Any CPU.ActiveCfg = Release|Any CPU
		{4DC20B3A-6561-4EFE-B89C-19281C83BB60}.Release|Any CPU.Build.0 = Release|Any CPU
		{4DC20B3A-6561-4EFE-B89C-19281C83BB60}.Release|x64.ActiveCfg = Release|Any CPU
		{4DC20B3A-6561-4EFE-B89C-19281C83BB60}.Release|x64.Build.0 = Release|Any CPU
		{4DC20B3A-6561-4EFE-B89C-19281C83BB60}.Release|x86.ActiveCfg = Release|Any CPU
		{4DC20B3A-6561-4EFE-B89C-19281C83BB60}.Release|x86.Build.0 = Release|Any CPU
		{EA4A304A-D8AD-468B-B73F-C1BB71DAEA41}.Debug|Any CPU.ActiveCfg = Debug|Any CPU
		{EA4A304A-D8AD-468B-B73F-C1BB71DAEA41}.Debug|Any CPU.Build.0 = Debug|Any CPU
		{EA4A304A-D8AD-468B-B73F-C1BB71DAEA41}.Debug|x64.ActiveCfg = Debug|Any CPU
		{EA4A304A-D8AD-468B-B73F-C1BB71DAEA41}.Debug|x64.Build.0 = Debug|Any CPU
		{EA4A304A-D8AD-468B-B73F-C1BB71DAEA41}.Debug|x86.ActiveCfg = Debug|Any CPU
		{EA4A304A-D8AD-468B-B73F-C1BB71DAEA41}.Debug|x86.Build.0 = Debug|Any CPU
		{EA4A304A-D8AD-468B-B73F-C1BB71DAEA41}.Release|Any CPU.ActiveCfg = Release|Any CPU
		{EA4A304A-D8AD-468B-B73F-C1BB71DAEA41}.Release|Any CPU.Build.0 = Release|Any CPU
		{EA4A304A-D8AD-468B-B73F-C1BB71DAEA41}.Release|x64.ActiveCfg = Release|Any CPU
		{EA4A304A-D8AD-468B-B73F-C1BB71DAEA41}.Release|x64.Build.0 = Release|Any CPU
		{EA4A304A-D8AD-468B-B73F-C1BB71DAEA41}.Release|x86.ActiveCfg = Release|Any CPU
		{EA4A304A-D8AD-468B-B73F-C1BB71DAEA41}.Release|x86.Build.0 = Release|Any CPU
		{9DDAE634-1696-4F91-9EE6-E614D418FC94}.Debug|Any CPU.ActiveCfg = Debug|Any CPU
		{9DDAE634-1696-4F91-9EE6-E614D418FC94}.Debug|Any CPU.Build.0 = Debug|Any CPU
		{9DDAE634-1696-4F91-9EE6-E614D418FC94}.Debug|x64.ActiveCfg = Debug|Any CPU
		{9DDAE634-1696-4F91-9EE6-E614D418FC94}.Debug|x64.Build.0 = Debug|Any CPU
		{9DDAE634-1696-4F91-9EE6-E614D418FC94}.Debug|x86.ActiveCfg = Debug|Any CPU
		{9DDAE634-1696-4F91-9EE6-E614D418FC94}.Debug|x86.Build.0 = Debug|Any CPU
		{9DDAE634-1696-4F91-9EE6-E614D418FC94}.Release|Any CPU.ActiveCfg = Release|Any CPU
		{9DDAE634-1696-4F91-9EE6-E614D418FC94}.Release|Any CPU.Build.0 = Release|Any CPU
		{9DDAE634-1696-4F91-9EE6-E614D418FC94}.Release|x64.ActiveCfg = Release|Any CPU
		{9DDAE634-1696-4F91-9EE6-E614D418FC94}.Release|x64.Build.0 = Release|Any CPU
		{9DDAE634-1696-4F91-9EE6-E614D418FC94}.Release|x86.ActiveCfg = Release|Any CPU
		{9DDAE634-1696-4F91-9EE6-E614D418FC94}.Release|x86.Build.0 = Release|Any CPU
		{B226B5BF-AC5B-411D-8F1D-9D2B39DA8038}.Debug|Any CPU.ActiveCfg = Debug|Any CPU
		{B226B5BF-AC5B-411D-8F1D-9D2B39DA8038}.Debug|Any CPU.Build.0 = Debug|Any CPU
		{B226B5BF-AC5B-411D-8F1D-9D2B39DA8038}.Debug|x64.ActiveCfg = Debug|Any CPU
		{B226B5BF-AC5B-411D-8F1D-9D2B39DA8038}.Debug|x64.Build.0 = Debug|Any CPU
		{B226B5BF-AC5B-411D-8F1D-9D2B39DA8038}.Debug|x86.ActiveCfg = Debug|Any CPU
		{B226B5BF-AC5B-411D-8F1D-9D2B39DA8038}.Debug|x86.Build.0 = Debug|Any CPU
		{B226B5BF-AC5B-411D-8F1D-9D2B39DA8038}.Release|Any CPU.ActiveCfg = Release|Any CPU
		{B226B5BF-AC5B-411D-8F1D-9D2B39DA8038}.Release|Any CPU.Build.0 = Release|Any CPU
		{B226B5BF-AC5B-411D-8F1D-9D2B39DA8038}.Release|x64.ActiveCfg = Release|Any CPU
		{B226B5BF-AC5B-411D-8F1D-9D2B39DA8038}.Release|x64.Build.0 = Release|Any CPU
		{B226B5BF-AC5B-411D-8F1D-9D2B39DA8038}.Release|x86.ActiveCfg = Release|Any CPU
		{B226B5BF-AC5B-411D-8F1D-9D2B39DA8038}.Release|x86.Build.0 = Release|Any CPU
		{413F8C9A-AD91-4FB9-918B-D85570FD8F52}.Debug|Any CPU.ActiveCfg = Debug|Any CPU
		{413F8C9A-AD91-4FB9-918B-D85570FD8F52}.Debug|Any CPU.Build.0 = Debug|Any CPU
		{413F8C9A-AD91-4FB9-918B-D85570FD8F52}.Debug|x64.ActiveCfg = Debug|Any CPU
		{413F8C9A-AD91-4FB9-918B-D85570FD8F52}.Debug|x64.Build.0 = Debug|Any CPU
		{413F8C9A-AD91-4FB9-918B-D85570FD8F52}.Debug|x86.ActiveCfg = Debug|Any CPU
		{413F8C9A-AD91-4FB9-918B-D85570FD8F52}.Debug|x86.Build.0 = Debug|Any CPU
		{413F8C9A-AD91-4FB9-918B-D85570FD8F52}.Release|Any CPU.ActiveCfg = Release|Any CPU
		{413F8C9A-AD91-4FB9-918B-D85570FD8F52}.Release|Any CPU.Build.0 = Release|Any CPU
		{413F8C9A-AD91-4FB9-918B-D85570FD8F52}.Release|x64.ActiveCfg = Release|Any CPU
		{413F8C9A-AD91-4FB9-918B-D85570FD8F52}.Release|x64.Build.0 = Release|Any CPU
		{413F8C9A-AD91-4FB9-918B-D85570FD8F52}.Release|x86.ActiveCfg = Release|Any CPU
		{413F8C9A-AD91-4FB9-918B-D85570FD8F52}.Release|x86.Build.0 = Release|Any CPU
	EndGlobalSection
	GlobalSection(SolutionProperties) = preSolution
		HideSolutionNode = FALSE
	EndGlobalSection
EndGlobal
